
Microsoft Visual Studio Solution File, Format Version 12.00
# Visual Studio Version 17
VisualStudioVersion = 17.4.33213.308
MinimumVisualStudioVersion = 10.0.40219.1
Project("{FAE04EC0-301F-11D3-BF4B-00C04F79EFBC}") = "Link Project", "HomeTask\Link Project.csproj", "{220752B9-8B31-4888-90A7-4F0AD00A619D}"
EndProject
Project("{FAE04EC0-301F-11D3-BF4B-00C04F79EFBC}") = "Home Task 9", "Bu projectle elaqelendirecem\Home Task 9.csproj", "{FC1D9309-F649-4775-B8EE-1FE9A4B236ED}"
EndProject
Global
	GlobalSection(SolutionConfigurationPlatforms) = preSolution
		Debug|Any CPU = Debug|Any CPU
		Release|Any CPU = Release|Any CPU
	EndGlobalSection
	GlobalSection(ProjectConfigurationPlatforms) = postSolution
		{220752B9-8B31-4888-90A7-4F0AD00A619D}.Debug|Any CPU.ActiveCfg = Debug|Any CPU
		{220752B9-8B31-4888-90A7-4F0AD00A619D}.Debug|Any CPU.Build.0 = Debug|Any CPU
		{220752B9-8B31-4888-90A7-4F0AD00A619D}.Release|Any CPU.ActiveCfg = Release|Any CPU
		{220752B9-8B31-4888-90A7-4F0AD00A619D}.Release|Any CPU.Build.0 = Release|Any CPU
		{FC1D9309-F649-4775-B8EE-1FE9A4B236ED}.Debug|Any CPU.ActiveCfg = Debug|Any CPU
		{FC1D9309-F649-4775-B8EE-1FE9A4B236ED}.Debug|Any CPU.Build.0 = Debug|Any CPU
		{FC1D9309-F649-4775-B8EE-1FE9A4B236ED}.Release|Any CPU.ActiveCfg = Release|Any CPU
		{FC1D9309-F649-4775-B8EE-1FE9A4B236ED}.Release|Any CPU.Build.0 = Release|Any CPU
	EndGlobalSection
	GlobalSection(SolutionProperties) = preSolution
		HideSolutionNode = FALSE
	EndGlobalSection
	GlobalSection(ExtensibilityGlobals) = postSolution
		SolutionGuid = {85854AE3-D775-44CC-9EA5-D7333120E7AC}
	EndGlobalSection
EndGlobal
